// !$*UTF8*$!
{
	archiveVersion = 1;
	classes = {
	};
	objectVersion = 56;
	objects = {

/* Begin PBXBuildFile section */
		B0000000000000000000001 /* App.swift in Sources */ = {isa = PBXBuildFile; fileRef = F0000000000000000000001 /* App.swift */; };
		B0000000000000000000002 /* ContentView.swift in Sources */ = {isa = PBXBuildFile; fileRef = F0000000000000000000002 /* ContentView.swift */; };
		B0000000000000000000003 /* BackupView.swift in Sources */ = {isa = PBXBuildFile; fileRef = F0000000000000000000003 /* BackupView.swift */; };
		B0000000000000000000004 /* GalleryView.swift in Sources */ = {isa = PBXBuildFile; fileRef = F0000000000000000000004 /* GalleryView.swift */; };
		B0000000000000000000005 /* SettingsView.swift in Sources */ = {isa = PBXBuildFile; fileRef = F0000000000000000000005 /* SettingsView.swift */; };
		B0000000000000000000006 /* AlbumSelectionView.swift in Sources */ = {isa = PBXBuildFile; fileRef = F0000000000000000000006 /* AlbumSelectionView.swift */; };
		B0000000000000000000007 /* PhotoLibraryService.swift in Sources */ = {isa = PBXBuildFile; fileRef = F0000000000000000000007 /* PhotoLibraryService.swift */; };
		B0000000000000000000008 /* BackupService.swift in Sources */ = {isa = PBXBuildFile; fileRef = F0000000000000000000008 /* BackupService.swift */; };
		B0000000000000000000009 /* APIClient.swift in Sources */ = {isa = PBXBuildFile; fileRef = F0000000000000000000009 /* APIClient.swift */; };
		B000000000000000000000A /* GalleryService.swift in Sources */ = {isa = PBXBuildFile; fileRef = F000000000000000000000A /* GalleryService.swift */; };
		B000000000000000000000B /* BackupStore.swift in Sources */ = {isa = PBXBuildFile; fileRef = F000000000000000000000B /* BackupStore.swift */; };
		B000000000000000000000C /* BackupConfig.swift in Sources */ = {isa = PBXBuildFile; fileRef = F000000000000000000000C /* BackupConfig.swift */; };
		B000000000000000000000D /* BackupSession.swift in Sources */ = {isa = PBXBuildFile; fileRef = F000000000000000000000D /* BackupSession.swift */; };
		B000000000000000000000E /* AlbumSelection.swift in Sources */ = {isa = PBXBuildFile; fileRef = F000000000000000000000E /* AlbumSelection.swift */; };
		B000000000000000000000F /* GalleryGroup.swift in Sources */ = {isa = PBXBuildFile; fileRef = F000000000000000000000F /* GalleryGroup.swift */; };
		B0000000000000000000010 /* GRDB in Frameworks */ = {isa = PBXBuildFile; productRef = S0000000000000000000002 /* GRDB */; };
		B0000000000000000000011 /* Assets.xcassets in Resources */ = {isa = PBXBuildFile; fileRef = F0000000000000000000011 /* Assets.xcassets */; };
		B0000000000000000000012 /* Album.swift in Sources */ = {isa = PBXBuildFile; fileRef = F0000000000000000000013 /* Album.swift */; };
		B0000000000000000000013 /* AlbumsView.swift in Sources */ = {isa = PBXBuildFile; fileRef = F0000000000000000000014 /* AlbumsView.swift */; };
		B0000000000000000000014 /* TrashView.swift in Sources */ = {isa = PBXBuildFile; fileRef = F0000000000000000000015 /* TrashView.swift */; };
/* End PBXBuildFile section */

/* Begin PBXFileReference section */
		F0000000000000000000001 /* App.swift */ = {isa = PBXFileReference; lastKnownFileType = sourcecode.swift; path = App.swift; sourceTree = "<group>"; };
		F0000000000000000000002 /* ContentView.swift */ = {isa = PBXFileReference; lastKnownFileType = sourcecode.swift; path = ContentView.swift; sourceTree = "<group>"; };
		F0000000000000000000003 /* BackupView.swift */ = {isa = PBXFileReference; lastKnownFileType = sourcecode.swift; path = BackupView.swift; sourceTree = "<group>"; };
		F0000000000000000000004 /* GalleryView.swift */ = {isa = PBXFileReference; lastKnownFileType = sourcecode.swift; path = GalleryView.swift; sourceTree = "<group>"; };
		F0000000000000000000005 /* SettingsView.swift */ = {isa = PBXFileReference; lastKnownFileType = sourcecode.swift; path = SettingsView.swift; sourceTree = "<group>"; };
		F0000000000000000000006 /* AlbumSelectionView.swift */ = {isa = PBXFileReference; lastKnownFileType = sourcecode.swift; path = AlbumSelectionView.swift; sourceTree = "<group>"; };
		F0000000000000000000007 /* PhotoLibraryService.swift */ = {isa = PBXFileReference; lastKnownFileType = sourcecode.swift; path = PhotoLibraryService.swift; sourceTree = "<group>"; };
		F0000000000000000000008 /* BackupService.swift */ = {isa = PBXFileReference; lastKnownFileType = sourcecode.swift; path = BackupService.swift; sourceTree = "<group>"; };
		F0000000000000000000009 /* APIClient.swift */ = {isa = PBXFileReference; lastKnownFileType = sourcecode.swift; path = APIClient.swift; sourceTree = "<group>"; };
		F000000000000000000000A /* GalleryService.swift */ = {isa = PBXFileReference; lastKnownFileType = sourcecode.swift; path = GalleryService.swift; sourceTree = "<group>"; };
		F000000000000000000000B /* BackupStore.swift */ = {isa = PBXFileReference; lastKnownFileType = sourcecode.swift; path = BackupStore.swift; sourceTree = "<group>"; };
		F000000000000000000000C /* BackupConfig.swift */ = {isa = PBXFileReference; lastKnownFileType = sourcecode.swift; path = BackupConfig.swift; sourceTree = "<group>"; };
		F000000000000000000000D /* BackupSession.swift */ = {isa = PBXFileReference; lastKnownFileType = sourcecode.swift; path = BackupSession.swift; sourceTree = "<group>"; };
		F000000000000000000000E /* AlbumSelection.swift */ = {isa = PBXFileReference; lastKnownFileType = sourcecode.swift; path = AlbumSelection.swift; sourceTree = "<group>"; };
		F000000000000000000000F /* GalleryGroup.swift */ = {isa = PBXFileReference; lastKnownFileType = sourcecode.swift; path = GalleryGroup.swift; sourceTree = "<group>"; };
		F0000000000000000000010 /* Info.plist */ = {isa = PBXFileReference; lastKnownFileType = text.plist.xml; path = Info.plist; sourceTree = "<group>"; };
		F0000000000000000000011 /* Assets.xcassets */ = {isa = PBXFileReference; lastKnownFileType = folder.assetcatalog; path = Assets.xcassets; sourceTree = "<group>"; };
		F0000000000000000000012 /* whispic.app */ = {isa = PBXFileReference; explicitFileType = wrapper.application; includeInIndex = 0; path = whispic.app; sourceTree = BUILT_PRODUCTS_DIR; };
		F0000000000000000000013 /* Album.swift */ = {isa = PBXFileReference; lastKnownFileType = sourcecode.swift; path = Album.swift; sourceTree = "<group>"; };
		F0000000000000000000014 /* AlbumsView.swift */ = {isa = PBXFileReference; lastKnownFileType = sourcecode.swift; path = AlbumsView.swift; sourceTree = "<group>"; };
		F0000000000000000000015 /* TrashView.swift */ = {isa = PBXFileReference; lastKnownFileType = sourcecode.swift; path = TrashView.swift; sourceTree = "<group>"; };
/* End PBXFileReference section */

/* Begin PBXFrameworksBuildPhase section */
		H0000000000000000000003 /* Frameworks */ = {
			isa = PBXFrameworksBuildPhase;
			buildActionMask = 2147483647;
			files = (
				B0000000000000000000010 /* GRDB in Frameworks */,
			);
			runOnlyForDeploymentPostprocessing = 0;
		};
/* End PBXFrameworksBuildPhase section */

/* Begin PBXGroup section */
		G0000000000000000000001 /* mainGroup */ = {
			isa = PBXGroup;
			children = (
				G0000000000000000000003 /* whispic */,
				G0000000000000000000002 /* Products */,
			);
			sourceTree = "<group>";
		};
		G0000000000000000000002 /* Products */ = {
			isa = PBXGroup;
			children = (
				F0000000000000000000012 /* whispic.app */,
			);
			name = Products;
			sourceTree = "<group>";
		};
		G0000000000000000000003 /* whispic */ = {
			isa = PBXGroup;
			children = (
				F0000000000000000000001 /* App.swift */,
				G0000000000000000000004 /* Views */,
				G0000000000000000000005 /* Services */,
				G0000000000000000000006 /* Models */,
				G0000000000000000000007 /* Resources */,
			);
			path = whispic;
			sourceTree = "<group>";
		};
		G0000000000000000000004 /* Views */ = {
			isa = PBXGroup;
			children = (
				F0000000000000000000002 /* ContentView.swift */,
				F0000000000000000000003 /* BackupView.swift */,
				F0000000000000000000004 /* GalleryView.swift */,
				F0000000000000000000005 /* SettingsView.swift */,
				F0000000000000000000006 /* AlbumSelectionView.swift */,
				F0000000000000000000014 /* AlbumsView.swift */,
				F0000000000000000000015 /* TrashView.swift */,
			);
			path = Views;
			sourceTree = "<group>";
		};
		G0000000000000000000005 /* Services */ = {
			isa = PBXGroup;
			children = (
				F0000000000000000000007 /* PhotoLibraryService.swift */,
				F0000000000000000000008 /* BackupService.swift */,
				F0000000000000000000009 /* APIClient.swift */,
				F000000000000000000000A /* GalleryService.swift */,
				F000000000000000000000B /* BackupStore.swift */,
			);
			path = Services;
			sourceTree = "<group>";
		};
		G0000000000000000000006 /* Models */ = {
			isa = PBXGroup;
			children = (
				F000000000000000000000C /* BackupConfig.swift */,
				F000000000000000000000D /* BackupSession.swift */,
				F000000000000000000000E /* AlbumSelection.swift */,
				F000000000000000000000F /* GalleryGroup.swift */,
				F0000000000000000000013 /* Album.swift */,
			);
			path = Models;
			sourceTree = "<group>";
		};
		G0000000000000000000007 /* Resources */ = {
			isa = PBXGroup;
			children = (
				F0000000000000000000010 /* Info.plist */,
				F0000000000000000000011 /* Assets.xcassets */,
			);
			path = Resources;
			sourceTree = "<group>";
		};
/* End PBXGroup section */

/* Begin PBXNativeTarget section */
		T0000000000000000000001 /* whispic */ = {
			isa = PBXNativeTarget;
			buildConfigurationList = L0000000000000000000002 /* Build configuration list for PBXNativeTarget "whispic" */;
			buildPhases = (
				H0000000000000000000001 /* Sources */,
				H0000000000000000000002 /* Resources */,
				H0000000000000000000003 /* Frameworks */,
			);
			buildRules = (
			);
			dependencies = (
			);
			name = whispic;
			packageProductDependencies = (
				S0000000000000000000002 /* GRDB */,
			);
			productName = whispic;
			productReference = F0000000000000000000012 /* whispic.app */;
			productType = "com.apple.product-type.application";
		};
/* End PBXNativeTarget section */

/* Begin PBXProject section */
		P0000000000000000000001 /* Project object */ = {
			isa = PBXProject;
			attributes = {
				BuildIndependentTargetsInParallel = 1;
				LastSwiftUpdateCheck = 1500;
				LastUpgradeCheck = 1500;
				TargetAttributes = {
					T0000000000000000000001 = {
						CreatedOnToolsVersion = 15.0;
					};
				};
			};
			buildConfigurationList = L0000000000000000000001 /* Build configuration list for PBXProject "whispic" */;
			compatibilityVersion = "Xcode 14.0";
			developmentRegion = en;
			hasScannedForEncodings = 0;
			knownRegions = (
				en,
				Base,
			);
			mainGroup = G0000000000000000000001;
			packageReferences = (
				S0000000000000000000001 /* XCRemoteSwiftPackageReference "GRDB.swift" */,
			);
			productRefGroup = G0000000000000000000002 /* Products */;
			projectDirPath = "";
			projectRoot = "";
			targets = (
				T0000000000000000000001 /* whispic */,
			);
		};
/* End PBXProject section */

/* Begin PBXResourcesBuildPhase section */
		H0000000000000000000002 /* Resources */ = {
			isa = PBXResourcesBuildPhase;
			buildActionMask = 2147483647;
			files = (
				B0000000000000000000011 /* Assets.xcassets in Resources */,
			);
			runOnlyForDeploymentPostprocessing = 0;
		};
/* End PBXResourcesBuildPhase section */

/* Begin PBXSourcesBuildPhase section */
		H0000000000000000000001 /* Sources */ = {
			isa = PBXSourcesBuildPhase;
			buildActionMask = 2147483647;
			files = (
				B0000000000000000000001 /* App.swift in Sources */,
				B0000000000000000000002 /* ContentView.swift in Sources */,
				B0000000000000000000003 /* BackupView.swift in Sources */,
				B0000000000000000000004 /* GalleryView.swift in Sources */,
				B0000000000000000000005 /* SettingsView.swift in Sources */,
				B0000000000000000000006 /* AlbumSelectionView.swift in Sources */,
				B0000000000000000000007 /* PhotoLibraryService.swift in Sources */,
				B0000000000000000000008 /* BackupService.swift in Sources */,
				B0000000000000000000009 /* APIClient.swift in Sources */,
				B000000000000000000000A /* GalleryService.swift in Sources */,
				B000000000000000000000B /* BackupStore.swift in Sources */,
				B000000000000000000000C /* BackupConfig.swift in Sources */,
				B000000000000000000000D /* BackupSession.swift in Sources */,
				B000000000000000000000E /* AlbumSelection.swift in Sources */,
				B000000000000000000000F /* GalleryGroup.swift in Sources */,
				B0000000000000000000012 /* Album.swift in Sources */,
				B0000000000000000000013 /* AlbumsView.swift in Sources */,
				B0000000000000000000014 /* TrashView.swift in Sources */,
			);
			runOnlyForDeploymentPostprocessing = 0;
		};
/* End PBXSourcesBuildPhase section */

/* Begin XCBuildConfiguration section */
		X0000000000000000000001 /* Debug */ = {
			isa = XCBuildConfiguration;
			buildSettings = {
				ALWAYS_SEARCH_USER_PATHS = NO;
				CLANG_ANALYZER_NONNULL = YES;
				CLANG_CXX_LANGUAGE_STANDARD = "gnu++20";
				CLANG_ENABLE_MODULES = YES;
				CLANG_ENABLE_OBJC_ARC = YES;
				CLANG_ENABLE_OBJC_WEAK = YES;
				CLANG_WARN_BLOCK_CAPTURE_AUTORELEASING = YES;
				CLANG_WARN_BOOL_CONVERSION = YES;
				CLANG_WARN_COMMA = YES;
				CLANG_WARN_CONSTANT_CONVERSION = YES;
				CLANG_WARN_DEPRECATED_OBJC_IMPLEMENTATIONS = YES;
				CLANG_WARN_DIRECT_OBJC_ISA_USAGE = YES_ERROR;
				CLANG_WARN_EMPTY_BODY = YES;
				CLANG_WARN_ENUM_CONVERSION = YES;
				CLANG_WARN_INFINITE_RECURSION = YES;
				CLANG_WARN_INT_CONVERSION = YES;
				CLANG_WARN_NON_LITERAL_NULL_CONVERSION = YES;
				CLANG_WARN_OBJC_IMPLICIT_RETAIN_SELF = YES;
				CLANG_WARN_OBJC_LITERAL_CONVERSION = YES;
				CLANG_WARN_OBJC_ROOT_CLASS = YES_ERROR;
				CLANG_WARN_RANGE_LOOP_ANALYSIS = YES;
				CLANG_WARN_STRICT_PROTOTYPES = YES;
				CLANG_WARN_SUSPICIOUS_MOVE = YES;
				CLANG_WARN_UNGUARDED_AVAILABILITY = YES_AGGRESSIVE;
				CLANG_WARN_UNREACHABLE_CODE = YES;
				CLANG_WARN__DUPLICATE_METHOD_MATCH = YES;
				COPY_PHASE_STRIP = NO;
				DEBUG_INFORMATION_FORMAT = dwarf;
				ENABLE_STRICT_OBJC_MSGSEND = YES;
				ENABLE_TESTABILITY = YES;
				GCC_C_LANGUAGE_STANDARD = gnu17;
				GCC_DYNAMIC_NO_PIC = NO;
				GCC_NO_COMMON_BLOCKS = YES;
				GCC_OPTIMIZATION_LEVEL = 0;
				GCC_PREPROCESSOR_DEFINITIONS = (
					"DEBUG=1",
					"$(inherited)",
				);
				GCC_WARN_64_TO_32_BIT_CONVERSION = YES;
				GCC_WARN_ABOUT_RETURN_TYPE = YES_ERROR;
				GCC_WARN_UNDECLARED_SELECTOR = YES;
				GCC_WARN_UNINITIALIZED_AUTOS = YES_AGGRESSIVE;
				GCC_WARN_UNUSED_FUNCTION = YES;
				GCC_WARN_UNUSED_VARIABLE = YES;
				IPHONEOS_DEPLOYMENT_TARGET = 17.0;
				MTL_ENABLE_DEBUG_INFO = INCLUDE_SOURCE;
				MTL_FAST_MATH = YES;
				ONLY_ACTIVE_ARCH = YES;
				SDKROOT = iphoneos;
				SWIFT_ACTIVE_COMPILATION_CONDITIONS = DEBUG;
				SWIFT_OPTIMIZATION_LEVEL = "-Onone";
			};
			name = Debug;
		};
		X0000000000000000000002 /* Release */ = {
			isa = XCBuildConfiguration;
			buildSettings = {
				ALWAYS_SEARCH_USER_PATHS = NO;
				CLANG_ANALYZER_NONNULL = YES;
				CLANG_CXX_LANGUAGE_STANDARD = "gnu++20";
				CLANG_ENABLE_MODULES = YES;
				CLANG_ENABLE_OBJC_ARC = YES;
				CLANG_ENABLE_OBJC_WEAK = YES;
				CLANG_WARN_BLOCK_CAPTURE_AUTORELEASING = YES;
				CLANG_WARN_BOOL_CONVERSION = YES;
				CLANG_WARN_COMMA = YES;
				CLANG_WARN_CONSTANT_CONVERSION = YES;
				CLANG_WARN_DEPRECATED_OBJC_IMPLEMENTATIONS = YES;
				CLANG_WARN_DIRECT_OBJC_ISA_USAGE = YES_ERROR;
				CLANG_WARN_EMPTY_BODY = YES;
				CLANG_WARN_ENUM_CONVERSION = YES;
				CLANG_WARN_INFINITE_RECURSION = YES;
				CLANG_WARN_INT_CONVERSION = YES;
				CLANG_WARN_NON_LITERAL_NULL_CONVERSION = YES;
				CLANG_WARN_OBJC_IMPLICIT_RETAIN_SELF = YES;
				CLANG_WARN_OBJC_LITERAL_CONVERSION = YES;
				CLANG_WARN_OBJC_ROOT_CLASS = YES_ERROR;
				CLANG_WARN_RANGE_LOOP_ANALYSIS = YES;
				CLANG_WARN_STRICT_PROTOTYPES = YES;
				CLANG_WARN_SUSPICIOUS_MOVE = YES;
				CLANG_WARN_UNGUARDED_AVAILABILITY = YES_AGGRESSIVE;
				CLANG_WARN_UNREACHABLE_CODE = YES;
				CLANG_WARN__DUPLICATE_METHOD_MATCH = YES;
				COPY_PHASE_STRIP = NO;
				DEBUG_INFORMATION_FORMAT = "dwarf-with-dsym";
				ENABLE_NS_ASSERTIONS = NO;
				ENABLE_STRICT_OBJC_MSGSEND = YES;
				GCC_C_LANGUAGE_STANDARD = gnu17;
				GCC_NO_COMMON_BLOCKS = YES;
				GCC_WARN_64_TO_32_BIT_CONVERSION = YES;
				GCC_WARN_ABOUT_RETURN_TYPE = YES_ERROR;
				GCC_WARN_UNDECLARED_SELECTOR = YES;
				GCC_WARN_UNINITIALIZED_AUTOS = YES_AGGRESSIVE;
				GCC_WARN_UNUSED_FUNCTION = YES;
				GCC_WARN_UNUSED_VARIABLE = YES;
				IPHONEOS_DEPLOYMENT_TARGET = 17.0;
				MTL_FAST_MATH = YES;
				SDKROOT = iphoneos;
				SWIFT_COMPILATION_MODE = wholemodule;
				SWIFT_OPTIMIZATION_LEVEL = "-O";
				VALIDATE_PRODUCT = YES;
			};
			name = Release;
		};
		X0000000000000000000003 /* Debug */ = {
			isa = XCBuildConfiguration;
			buildSettings = {
				ASSETCATALOG_COMPILER_APPICON_NAME = AppIcon;
				ASSETCATALOG_COMPILER_GLOBAL_ACCENT_COLOR_NAME = AccentColor;
				CODE_SIGN_STYLE = Automatic;
				CURRENT_PROJECT_VERSION = 1;
				GENERATE_INFOPLIST_FILE = NO;
				INFOPLIST_FILE = "whispic/Resources/Info.plist";
				IPHONEOS_DEPLOYMENT_TARGET = 17.0;
				LD_RUNPATH_SEARCH_PATHS = (
					"$(inherited)",
					"@executable_path/Frameworks",
				);
				MARKETING_VERSION = 1.0;
				PRODUCT_BUNDLE_IDENTIFIER = com.whispic.app;
				PRODUCT_NAME = "$(TARGET_NAME)";
				SWIFT_EMIT_LOC_STRINGS = YES;
				SWIFT_VERSION = 5.0;
				TARGETED_DEVICE_FAMILY = 1;
			};
			name = Debug;
		};
		X0000000000000000000004 /* Release */ = {
			isa = XCBuildConfiguration;
			buildSettings = {
				ASSETCATALOG_COMPILER_APPICON_NAME = AppIcon;
				ASSETCATALOG_COMPILER_GLOBAL_ACCENT_COLOR_NAME = AccentColor;
				CODE_SIGN_STYLE = Automatic;
				CURRENT_PROJECT_VERSION = 1;
				GENERATE_INFOPLIST_FILE = NO;
				INFOPLIST_FILE = "whispic/Resources/Info.plist";
				IPHONEOS_DEPLOYMENT_TARGET = 17.0;
				LD_RUNPATH_SEARCH_PATHS = (
					"$(inherited)",
					"@executable_path/Frameworks",
				);
				MARKETING_VERSION = 1.0;
				PRODUCT_BUNDLE_IDENTIFIER = com.whispic.app;
				PRODUCT_NAME = "$(TARGET_NAME)";
				SWIFT_EMIT_LOC_STRINGS = YES;
				SWIFT_VERSION = 5.0;
				TARGETED_DEVICE_FAMILY = 1;
			};
			name = Release;
		};
/* End XCBuildConfiguration section */

/* Begin XCConfigurationList section */
		L0000000000000000000001 /* Build configuration list for PBXProject "whispic" */ = {
			isa = XCConfigurationList;
			buildConfigurations = (
				X0000000000000000000001 /* Debug */,
				X0000000000000000000002 /* Release */,
			);
			defaultConfigurationIsVisible = 0;
			defaultConfigurationName = Release;
		};
		L0000000000000000000002 /* Build configuration list for PBXNativeTarget "whispic" */ = {
			isa = XCConfigurationList;
			buildConfigurations = (
				X0000000000000000000003 /* Debug */,
				X0000000000000000000004 /* Release */,
			);
			defaultConfigurationIsVisible = 0;
			defaultConfigurationName = Release;
		};
/* End XCConfigurationList section */

/* Begin XCRemoteSwiftPackageReference section */
		S0000000000000000000001 /* XCRemoteSwiftPackageReference "GRDB.swift" */ = {
			isa = XCRemoteSwiftPackageReference;
			repositoryURL = "https://github.com/groue/GRDB.swift.git";
			requirement = {
				kind = upToNextMajorVersion;
				minimumVersion = 6.0.0;
			};
		};
/* End XCRemoteSwiftPackageReference section */

/* Begin XCSwiftPackageProductDependency section */
		S0000000000000000000002 /* GRDB */ = {
			isa = XCSwiftPackageProductDependency;
			package = S0000000000000000000001 /* XCRemoteSwiftPackageReference "GRDB.swift" */;
			productName = GRDB;
		};
/* End XCSwiftPackageProductDependency section */

	};
	rootObject = P0000000000000000000001 /* Project object */;
}
